// !$*UTF8*$!
{
	archiveVersion = 1;
	classes = {
	};
	objectVersion = 46;
	objects = {

/* Begin PBXBuildFile section */
		043D2AB11FE236D8006681E2 /* AppDelegate.swift in Sources */ = {isa = PBXBuildFile; fileRef = 043D2AB01FE236D8006681E2 /* AppDelegate.swift */; };
		043D2AB31FE236D8006681E2 /* ViewController.swift in Sources */ = {isa = PBXBuildFile; fileRef = 043D2AB21FE236D8006681E2 /* ViewController.swift */; };
		043D2AB61FE236D8006681E2 /* Main.storyboard in Resources */ = {isa = PBXBuildFile; fileRef = 043D2AB41FE236D8006681E2 /* Main.storyboard */; };
		043D2AB81FE236D8006681E2 /* Assets.xcassets in Resources */ = {isa = PBXBuildFile; fileRef = 043D2AB71FE236D8006681E2 /* Assets.xcassets */; };
		043D2ABB1FE236D8006681E2 /* LaunchScreen.storyboard in Resources */ = {isa = PBXBuildFile; fileRef = 043D2AB91FE236D8006681E2 /* LaunchScreen.storyboard */; };
		043D2AC61FE236D8006681E2 /* userLocationTests.swift in Sources */ = {isa = PBXBuildFile; fileRef = 043D2AC51FE236D8006681E2 /* userLocationTests.swift */; };
		043D2AD11FE236D8006681E2 /* userLocationUITests.swift in Sources */ = {isa = PBXBuildFile; fileRef = 043D2AD01FE236D8006681E2 /* userLocationUITests.swift */; };
/* End PBXBuildFile section */

/* Begin PBXContainerItemProxy section */
		043D2AC21FE236D8006681E2 /* PBXContainerItemProxy */ = {
			isa = PBXContainerItemProxy;
			containerPortal = 043D2AA51FE236D8006681E2 /* Project object */;
			proxyType = 1;
			remoteGlobalIDString = 043D2AAC1FE236D8006681E2;
			remoteInfo = userLocation;
		};
		043D2ACD1FE236D8006681E2 /* PBXContainerItemProxy */ = {
			isa = PBXContainerItemProxy;
			containerPortal = 043D2AA51FE236D8006681E2 /* Project object */;
			proxyType = 1;
			remoteGlobalIDString = 043D2AAC1FE236D8006681E2;
			remoteInfo = userLocation;
		};
/* End PBXContainerItemProxy section */

/* Begin PBXFileReference section */
		043D2AAD1FE236D8006681E2 /* userLocation.app */ = {isa = PBXFileReference; explicitFileType = wrapper.application; includeInIndex = 0; path = userLocation.app; sourceTree = BUILT_PRODUCTS_DIR; };
		043D2AB01FE236D8006681E2 /* AppDelegate.swift */ = {isa = PBXFileReference; lastKnownFileType = sourcecode.swift; path = AppDelegate.swift; sourceTree = "<group>"; };
		043D2AB21FE236D8006681E2 /* ViewController.swift */ = {isa = PBXFileReference; lastKnownFileType = sourcecode.swift; path = ViewController.swift; sourceTree = "<group>"; };
		043D2AB51FE236D8006681E2 /* Base */ = {isa = PBXFileReference; lastKnownFileType = file.storyboard; name = Base; path = Base.lproj/Main.storyboard; sourceTree = "<group>"; };
		043D2AB71FE236D8006681E2 /* Assets.xcassets */ = {isa = PBXFileReference; lastKnownFileType = folder.assetcatalog; path = Assets.xcassets; sourceTree = "<group>"; };
		043D2ABA1FE236D8006681E2 /* Base */ = {isa = PBXFileReference; lastKnownFileType = file.storyboard; name = Base; path = Base.lproj/LaunchScreen.storyboard; sourceTree = "<group>"; };
		043D2ABC1FE236D8006681E2 /* Info.plist */ = {isa = PBXFileReference; lastKnownFileType = text.plist.xml; path = Info.plist; sourceTree = "<group>"; };
		043D2AC11FE236D8006681E2 /* userLocationTests.xctest */ = {isa = PBXFileReference; explicitFileType = wrapper.cfbundle; includeInIndex = 0; path = userLocationTests.xctest; sourceTree = BUILT_PRODUCTS_DIR; };
		043D2AC51FE236D8006681E2 /* userLocationTests.swift */ = {isa = PBXFileReference; lastKnownFileType = sourcecode.swift; path = userLocationTests.swift; sourceTree = "<group>"; };
		043D2AC71FE236D8006681E2 /* Info.plist */ = {isa = PBXFileReference; lastKnownFileType = text.plist.xml; path = Info.plist; sourceTree = "<group>"; };
		043D2ACC1FE236D8006681E2 /* userLocationUITests.xctest */ = {isa = PBXFileReference; explicitFileType = wrapper.cfbundle; includeInIndex = 0; path = userLocationUITests.xctest; sourceTree = BUILT_PRODUCTS_DIR; };
		043D2AD01FE236D8006681E2 /* userLocationUITests.swift */ = {isa = PBXFileReference; lastKnownFileType = sourcecode.swift; path = userLocationUITests.swift; sourceTree = "<group>"; };
		043D2AD21FE236D8006681E2 /* Info.plist */ = {isa = PBXFileReference; lastKnownFileType = text.plist.xml; path = Info.plist; sourceTree = "<group>"; };
/* End PBXFileReference section */

/* Begin PBXFrameworksBuildPhase section */
		043D2AAA1FE236D8006681E2 /* Frameworks */ = {
			isa = PBXFrameworksBuildPhase;
			buildActionMask = 2147483647;
			files = (
			);
			runOnlyForDeploymentPostprocessing = 0;
		};
		043D2ABE1FE236D8006681E2 /* Frameworks */ = {
			isa = PBXFrameworksBuildPhase;
			buildActionMask = 2147483647;
			files = (
			);
			runOnlyForDeploymentPostprocessing = 0;
		};
		043D2AC91FE236D8006681E2 /* Frameworks */ = {
			isa = PBXFrameworksBuildPhase;
			buildActionMask = 2147483647;
			files = (
			);
			runOnlyForDeploymentPostprocessing = 0;
		};
/* End PBXFrameworksBuildPhase section */

/* Begin PBXGroup section */
		043D2AA41FE236D8006681E2 = {
			isa = PBXGroup;
			children = (
				043D2AAF1FE236D8006681E2 /* userLocation */,
				043D2AC41FE236D8006681E2 /* userLocationTests */,
				043D2ACF1FE236D8006681E2 /* userLocationUITests */,
				043D2AAE1FE236D8006681E2 /* Products */,
			);
			sourceTree = "<group>";
		};
		043D2AAE1FE236D8006681E2 /* Products */ = {
			isa = PBXGroup;
			children = (
				043D2AAD1FE236D8006681E2 /* userLocation.app */,
				043D2AC11FE236D8006681E2 /* userLocationTests.xctest */,
				043D2ACC1FE236D8006681E2 /* userLocationUITests.xctest */,
			);
			name = Products;
			sourceTree = "<group>";
		};
		043D2AAF1FE236D8006681E2 /* userLocation */ = {
			isa = PBXGroup;
			children = (
				043D2AB01FE236D8006681E2 /* AppDelegate.swift */,
				043D2AB21FE236D8006681E2 /* ViewController.swift */,
				043D2AB41FE236D8006681E2 /* Main.storyboard */,
				043D2AB71FE236D8006681E2 /* Assets.xcassets */,
				043D2AB91FE236D8006681E2 /* LaunchScreen.storyboard */,
				043D2ABC1FE236D8006681E2 /* Info.plist */,
			);
			path = userLocation;
			sourceTree = "<group>";
		};
		043D2AC41FE236D8006681E2 /* userLocationTests */ = {
			isa = PBXGroup;
			children = (
				043D2AC51FE236D8006681E2 /* userLocationTests.swift */,
				043D2AC71FE236D8006681E2 /* Info.plist */,
			);
			path = userLocationTests;
			sourceTree = "<group>";
		};
		043D2ACF1FE236D8006681E2 /* userLocationUITests */ = {
			isa = PBXGroup;
			children = (
				043D2AD01FE236D8006681E2 /* userLocationUITests.swift */,
				043D2AD21FE236D8006681E2 /* Info.plist */,
			);
			path = userLocationUITests;
			sourceTree = "<group>";
		};
/* End PBXGroup section */

/* Begin PBXNativeTarget section */
		043D2AAC1FE236D8006681E2 /* userLocation */ = {
			isa = PBXNativeTarget;
			buildConfigurationList = 043D2AD51FE236D8006681E2 /* Build configuration list for PBXNativeTarget "userLocation" */;
			buildPhases = (
				043D2AA91FE236D8006681E2 /* Sources */,
				043D2AAA1FE236D8006681E2 /* Frameworks */,
				043D2AAB1FE236D8006681E2 /* Resources */,
			);
			buildRules = (
			);
			dependencies = (
			);
			name = userLocation;
			productName = userLocation;
			productReference = 043D2AAD1FE236D8006681E2 /* userLocation.app */;
			productType = "com.apple.product-type.application";
		};
		043D2AC01FE236D8006681E2 /* userLocationTests */ = {
			isa = PBXNativeTarget;
			buildConfigurationList = 043D2AD81FE236D8006681E2 /* Build configuration list for PBXNativeTarget "userLocationTests" */;
			buildPhases = (
				043D2ABD1FE236D8006681E2 /* Sources */,
				043D2ABE1FE236D8006681E2 /* Frameworks */,
				043D2ABF1FE236D8006681E2 /* Resources */,
			);
			buildRules = (
			);
			dependencies = (
				043D2AC31FE236D8006681E2 /* PBXTargetDependency */,
			);
			name = userLocationTests;
			productName = userLocationTests;
			productReference = 043D2AC11FE236D8006681E2 /* userLocationTests.xctest */;
			productType = "com.apple.product-type.bundle.unit-test";
		};
		043D2ACB1FE236D8006681E2 /* userLocationUITests */ = {
			isa = PBXNativeTarget;
			buildConfigurationList = 043D2ADB1FE236D8006681E2 /* Build configuration list for PBXNativeTarget "userLocationUITests" */;
			buildPhases = (
				043D2AC81FE236D8006681E2 /* Sources */,
				043D2AC91FE236D8006681E2 /* Frameworks */,
				043D2ACA1FE236D8006681E2 /* Resources */,
			);
			buildRules = (
			);
			dependencies = (
				043D2ACE1FE236D8006681E2 /* PBXTargetDependency */,
			);
			name = userLocationUITests;
			productName = userLocationUITests;
			productReference = 043D2ACC1FE236D8006681E2 /* userLocationUITests.xctest */;
			productType = "com.apple.product-type.bundle.ui-testing";
		};
/* End PBXNativeTarget section */

/* Begin PBXProject section */
		043D2AA51FE236D8006681E2 /* Project object */ = {
			isa = PBXProject;
			attributes = {
				LastSwiftUpdateCheck = 0830;
				LastUpgradeCheck = 0830;
				ORGANIZATIONNAME = mac;
				TargetAttributes = {
					043D2AAC1FE236D8006681E2 = {
						CreatedOnToolsVersion = 8.3.3;
						DevelopmentTeam = HLTHSH7X4U;
						ProvisioningStyle = Automatic;
					};
					043D2AC01FE236D8006681E2 = {
						CreatedOnToolsVersion = 8.3.3;
						DevelopmentTeam = HLTHSH7X4U;
						ProvisioningStyle = Automatic;
						TestTargetID = 043D2AAC1FE236D8006681E2;
					};
					043D2ACB1FE236D8006681E2 = {
						CreatedOnToolsVersion = 8.3.3;
						DevelopmentTeam = HLTHSH7X4U;
						ProvisioningStyle = Automatic;
						TestTargetID = 043D2AAC1FE236D8006681E2;
					};
				};
			};
			buildConfigurationList = 043D2AA81FE236D8006681E2 /* Build configuration list for PBXProject "userLocation" */;
			compatibilityVersion = "Xcode 3.2";
			developmentRegion = English;
			hasScannedForEncodings = 0;
			knownRegions = (
				en,
				Base,
			);
			mainGroup = 043D2AA41FE236D8006681E2;
			productRefGroup = 043D2AAE1FE236D8006681E2 /* Products */;
			projectDirPath = "";
			projectRoot = "";
			targets = (
				043D2AAC1FE236D8006681E2 /* userLocation */,
				043D2AC01FE236D8006681E2 /* userLocationTests */,
				043D2ACB1FE236D8006681E2 /* userLocationUITests */,
			);
		};
/* End PBXProject section */

/* Begin PBXResourcesBuildPhase section */
		043D2AAB1FE236D8006681E2 /* Resources */ = {
			isa = PBXResourcesBuildPhase;
			buildActionMask = 2147483647;
			files = (
				043D2ABB1FE236D8006681E2 /* LaunchScreen.storyboard in Resources */,
				043D2AB81FE236D8006681E2 /* Assets.xcassets in Resources */,
				043D2AB61FE236D8006681E2 /* Main.storyboard in Resources */,
			);
			runOnlyForDeploymentPostprocessing = 0;
		};
		043D2ABF1FE236D8006681E2 /* Resources */ = {
			isa = PBXResourcesBuildPhase;
			buildActionMask = 2147483647;
			files = (
			);
			runOnlyForDeploymentPostprocessing = 0;
		};
		043D2ACA1FE236D8006681E2 /* Resources */ = {
			isa = PBXResourcesBuildPhase;
			buildActionMask = 2147483647;
			files = (
			);
			runOnlyForDeploymentPostprocessing = 0;
		};
/* End PBXResourcesBuildPhase section */

/* Begin PBXSourcesBuildPhase section */
		043D2AA91FE236D8006681E2 /* Sources */ = {
			isa = PBXSourcesBuildPhase;
			buildActionMask = 2147483647;
			files = (
				043D2AB31FE236D8006681E2 /* ViewController.swift in Sources */,
				043D2AB11FE236D8006681E2 /* AppDelegate.swift in Sources */,
			);
			runOnlyForDeploymentPostprocessing = 0;
		};
		043D2ABD1FE236D8006681E2 /* Sources */ = {
			isa = PBXSourcesBuildPhase;
			buildActionMask = 2147483647;
			files = (
				043D2AC61FE236D8006681E2 /* userLocationTests.swift in Sources */,
			);
			runOnlyForDeploymentPostprocessing = 0;
		};
		043D2AC81FE236D8006681E2 /* Sources */ = {
			isa = PBXSourcesBuildPhase;
			buildActionMask = 2147483647;
			files = (
				043D2AD11FE236D8006681E2 /* userLocationUITests.swift in Sources */,
			);
			runOnlyForDeploymentPostprocessing = 0;
		};
/* End PBXSourcesBuildPhase section */

/* Begin PBXTargetDependency section */
		043D2AC31FE236D8006681E2 /* PBXTargetDependency */ = {
			isa = PBXTargetDependency;
			target = 043D2AAC1FE236D8006681E2 /* userLocation */;
			targetProxy = 043D2AC21FE236D8006681E2 /* PBXContainerItemProxy */;
		};
		043D2ACE1FE236D8006681E2 /* PBXTargetDependency */ = {
			isa = PBXTargetDependency;
			target = 043D2AAC1FE236D8006681E2 /* userLocation */;
			targetProxy = 043D2ACD1FE236D8006681E2 /* PBXContainerItemProxy */;
		};
/* End PBXTargetDependency section */

/* Begin PBXVariantGroup section */
		043D2AB41FE236D8006681E2 /* Main.storyboard */ = {
			isa = PBXVariantGroup;
			children = (
				043D2AB51FE236D8006681E2 /* Base */,
			);
			name = Main.storyboard;
			sourceTree = "<group>";
		};
		043D2AB91FE236D8006681E2 /* LaunchScreen.storyboard */ = {
			isa = PBXVariantGroup;
			children = (
				043D2ABA1FE236D8006681E2 /* Base */,
			);
			name = LaunchScreen.storyboard;
			sourceTree = "<group>";
		};
/* End PBXVariantGroup section */

/* Begin XCBuildConfiguration section */
		043D2AD31FE236D8006681E2 /* Debug */ = {
			isa = XCBuildConfiguration;
			buildSettings = {
				ALWAYS_SEARCH_USER_PATHS = NO;
				CLANG_ANALYZER_NONNULL = YES;
				CLANG_ANALYZER_NUMBER_OBJECT_CONVERSION = YES_AGGRESSIVE;
				CLANG_CXX_LANGUAGE_STANDARD = "gnu++0x";
				CLANG_CXX_LIBRARY = "libc++";
				CLANG_ENABLE_MODULES = YES;
				CLANG_ENABLE_OBJC_ARC = YES;
				CLANG_WARN_BOOL_CONVERSION = YES;
				CLANG_WARN_CONSTANT_CONVERSION = YES;
				CLANG_WARN_DIRECT_OBJC_ISA_USAGE = YES_ERROR;
				CLANG_WARN_DOCUMENTATION_COMMENTS = YES;
				CLANG_WARN_EMPTY_BODY = YES;
				CLANG_WARN_ENUM_CONVERSION = YES;
				CLANG_WARN_INFINITE_RECURSION = YES;
				CLANG_WARN_INT_CONVERSION = YES;
				CLANG_WARN_OBJC_ROOT_CLASS = YES_ERROR;
				CLANG_WARN_SUSPICIOUS_MOVE = YES;
				CLANG_WARN_UNREACHABLE_CODE = YES;
				CLANG_WARN__DUPLICATE_METHOD_MATCH = YES;
				"CODE_SIGN_IDENTITY[sdk=iphoneos*]" = "iPhone Developer";
				COPY_PHASE_STRIP = NO;
				DEBUG_INFORMATION_FORMAT = dwarf;
				ENABLE_STRICT_OBJC_MSGSEND = YES;
				ENABLE_TESTABILITY = YES;
				GCC_C_LANGUAGE_STANDARD = gnu99;
				GCC_DYNAMIC_NO_PIC = NO;
				GCC_NO_COMMON_BLOCKS = YES;
				GCC_OPTIMIZATION_LEVEL = 0;
				GCC_PREPROCESSOR_DEFINITIONS = (
					"DEBUG=1",
					"$(inherited)",
				);
				GCC_WARN_64_TO_32_BIT_CONVERSION = YES;
				GCC_WARN_ABOUT_RETURN_TYPE = YES_ERROR;
				GCC_WARN_UNDECLARED_SELECTOR = YES;
				GCC_WARN_UNINITIALIZED_AUTOS = YES_AGGRESSIVE;
				GCC_WARN_UNUSED_FUNCTION = YES;
				GCC_WARN_UNUSED_VARIABLE = YES;
				IPHONEOS_DEPLOYMENT_TARGET = 10.3;
				MTL_ENABLE_DEBUG_INFO = YES;
				ONLY_ACTIVE_ARCH = YES;
				SDKROOT = iphoneos;
				SWIFT_ACTIVE_COMPILATION_CONDITIONS = DEBUG;
				SWIFT_OPTIMIZATION_LEVEL = "-Onone";
				TARGETED_DEVICE_FAMILY = "1,2";
			};
			name = Debug;
		};
		043D2AD41FE236D8006681E2 /* Release */ = {
			isa = XCBuildConfiguration;
			buildSettings = {
				ALWAYS_SEARCH_USER_PATHS = NO;
				CLANG_ANALYZER_NONNULL = YES;
				CLANG_ANALYZER_NUMBER_OBJECT_CONVERSION = YES_AGGRESSIVE;
				CLANG_CXX_LANGUAGE_STANDARD = "gnu++0x";
				CLANG_CXX_LIBRARY = "libc++";
				CLANG_ENABLE_MODULES = YES;
				CLANG_ENABLE_OBJC_ARC = YES;
				CLANG_WARN_BOOL_CONVERSION = YES;
				CLANG_WARN_CONSTANT_CONVERSION = YES;
				CLANG_WARN_DIRECT_OBJC_ISA_USAGE = YES_ERROR;
				CLANG_WARN_DOCUMENTATION_COMMENTS = YES;
				CLANG_WARN_EMPTY_BODY = YES;
				CLANG_WARN_ENUM_CONVERSION = YES;
				CLANG_WARN_INFINITE_RECURSION = YES;
				CLANG_WARN_INT_CONVERSION = YES;
				CLANG_WARN_OBJC_ROOT_CLASS = YES_ERROR;
				CLANG_WARN_SUSPICIOUS_MOVE = YES;
				CLANG_WARN_UNREACHABLE_CODE = YES;
				CLANG_WARN__DUPLICATE_METHOD_MATCH = YES;
				"CODE_SIGN_IDENTITY[sdk=iphoneos*]" = "iPhone Developer";
				COPY_PHASE_STRIP = NO;
				DEBUG_INFORMATION_FORMAT = "dwarf-with-dsym";
				ENABLE_NS_ASSERTIONS = NO;
				ENABLE_STRICT_OBJC_MSGSEND = YES;
				GCC_C_LANGUAGE_STANDARD = gnu99;
				GCC_NO_COMMON_BLOCKS = YES;
				GCC_WARN_64_TO_32_BIT_CONVERSION = YES;
				GCC_WARN_ABOUT_RETURN_TYPE = YES_ERROR;
				GCC_WARN_UNDECLARED_SELECTOR = YES;
				GCC_WARN_UNINITIALIZED_AUTOS = YES_AGGRESSIVE;
				GCC_WARN_UNUSED_FUNCTION = YES;
				GCC_WARN_UNUSED_VARIABLE = YES;
				IPHONEOS_DEPLOYMENT_TARGET = 10.3;
				MTL_ENABLE_DEBUG_INFO = NO;
				SDKROOT = iphoneos;
				SWIFT_OPTIMIZATION_LEVEL = "-Owholemodule";
				TARGETED_DEVICE_FAMILY = "1,2";
				VALIDATE_PRODUCT = YES;
			};
			name = Release;
		};
		043D2AD61FE236D8006681E2 /* Debug */ = {
			isa = XCBuildConfiguration;
			buildSettings = {
				ASSETCATALOG_COMPILER_APPICON_NAME = AppIcon;
				DEVELOPMENT_TEAM = HLTHSH7X4U;
				INFOPLIST_FILE = userLocation/Info.plist;
				LD_RUNPATH_SEARCH_PATHS = "$(inherited) @executable_path/Frameworks";
				PRODUCT_BUNDLE_IDENTIFIER = iqmsoft.userLocation;
				PRODUCT_NAME = "$(TARGET_NAME)";
				SWIFT_VERSION = 3.0;
			};
			name = Debug;
		};
		043D2AD71FE236D8006681E2 /* Release */ = {
			isa = XCBuildConfiguration;
			buildSettings = {
				ASSETCATALOG_COMPILER_APPICON_NAME = AppIcon;
				DEVELOPMENT_TEAM = HLTHSH7X4U;
				INFOPLIST_FILE = userLocation/Info.plist;
				LD_RUNPATH_SEARCH_PATHS = "$(inherited) @executable_path/Frameworks";
				PRODUCT_BUNDLE_IDENTIFIER = iqmsoft.userLocation;
				PRODUCT_NAME = "$(TARGET_NAME)";
				SWIFT_VERSION = 3.0;
			};
			name = Release;
		};
		043D2AD91FE236D8006681E2 /* Debug */ = {
			isa = XCBuildConfiguration;
			buildSettings = {
				ALWAYS_EMBED_SWIFT_STANDARD_LIBRARIES = YES;
				BUNDLE_LOADER = "$(TEST_HOST)";
				DEVELOPMENT_TEAM = HLTHSH7X4U;
				INFOPLIST_FILE = userLocationTests/Info.plist;
				LD_RUNPATH_SEARCH_PATHS = "$(inherited) @executable_path/Frameworks @loader_path/Frameworks";
				PRODUCT_BUNDLE_IDENTIFIER = iqmsoft.userLocationTests;
				PRODUCT_NAME = "$(TARGET_NAME)";
				SWIFT_VERSION = 3.0;
				TEST_HOST = "$(BUILT_PRODUCTS_DIR)/userLocation.app/userLocation";
			};
			name = Debug;
		};
		043D2ADA1FE236D8006681E2 /* Release */ = {
			isa = XCBuildConfiguration;
			buildSettings = {
				ALWAYS_EMBED_SWIFT_STANDARD_LIBRARIES = YES;
				BUNDLE_LOADER = "$(TEST_HOST)";
				DEVELOPMENT_TEAM = HLTHSH7X4U;
				INFOPLIST_FILE = userLocationTests/Info.plist;
				LD_RUNPATH_SEARCH_PATHS = "$(inherited) @executable_path/Frameworks @loader_path/Frameworks";
				PRODUCT_BUNDLE_IDENTIFIER = iqmsoft.userLocationTests;
				PRODUCT_NAME = "$(TARGET_NAME)";
				SWIFT_VERSION = 3.0;
				TEST_HOST = "$(BUILT_PRODUCTS_DIR)/userLocation.app/userLocation";
			};
			name = Release;
		};
		043D2ADC1FE236D8006681E2 /* Debug */ = {
			isa = XCBuildConfiguration;
			buildSettings = {
				ALWAYS_EMBED_SWIFT_STANDARD_LIBRARIES = YES;
				DEVELOPMENT_TEAM = HLTHSH7X4U;
				INFOPLIST_FILE = userLocationUITests/Info.plist;
				LD_RUNPATH_SEARCH_PATHS = "$(inherited) @executable_path/Frameworks @loader_path/Frameworks";
				PRODUCT_BUNDLE_IDENTIFIER = iqmsoft.userLocationUITests;
				PRODUCT_NAME = "$(TARGET_NAME)";
				SWIFT_VERSION = 3.0;
				TEST_TARGET_NAME = userLocation;
			};
			name = Debug;
		};
		043D2ADD1FE236D8006681E2 /* Release */ = {
			isa = XCBuildConfiguration;
			buildSettings = {
				ALWAYS_EMBED_SWIFT_STANDARD_LIBRARIES = YES;
				DEVELOPMENT_TEAM = HLTHSH7X4U;
				INFOPLIST_FILE = userLocationUITests/Info.plist;
				LD_RUNPATH_SEARCH_PATHS = "$(inherited) @executable_path/Frameworks @loader_path/Frameworks";
				PRODUCT_BUNDLE_IDENTIFIER = iqmsoft.userLocationUITests;
				PRODUCT_NAME = "$(TARGET_NAME)";
				SWIFT_VERSION = 3.0;
				TEST_TARGET_NAME = userLocation;
			};
			name = Release;
		};
/* End XCBuildConfiguration section */

/* Begin XCConfigurationList section */
		043D2AA81FE236D8006681E2 /* Build configuration list for PBXProject "userLocation" */ = {
			isa = XCConfigurationList;
			buildConfigurations = (
				043D2AD31FE236D8006681E2 /* Debug */,
				043D2AD41FE236D8006681E2 /* Release */,
			);
			defaultConfigurationIsVisible = 0;
			defaultConfigurationName = Release;
		};
		043D2AD51FE236D8006681E2 /* Build configuration list for PBXNativeTarget "userLocation" */ = {
			isa = XCConfigurationList;
			buildConfigurations = (
				043D2AD61FE236D8006681E2 /* Debug */,
				043D2AD71FE236D8006681E2 /* Release */,
			);
			defaultConfigurationIsVisible = 0;
		};
		043D2AD81FE236D8006681E2 /* Build configuration list for PBXNativeTarget "userLocationTests" */ = {
			isa = XCConfigurationList;
			buildConfigurations = (
				043D2AD91FE236D8006681E2 /* Debug */,
				043D2ADA1FE236D8006681E2 /* Release */,
			);
			defaultConfigurationIsVisible = 0;
		};
		043D2ADB1FE236D8006681E2 /* Build configuration list for PBXNativeTarget "userLocationUITests" */ = {
			isa = XCConfigurationList;
			buildConfigurations = (
				043D2ADC1FE236D8006681E2 /* Debug */,
				043D2ADD1FE236D8006681E2 /* Release */,
			);
			defaultConfigurationIsVisible = 0;
		};
/* End XCConfigurationList section */
	};
	rootObject = 043D2AA51FE236D8006681E2 /* Project object */;
}
